// !$*UTF8*$!
{
	archiveVersion = 1;
	classes = {
	};
	objectVersion = 55;
	objects = {

/* Begin PBXBuildFile section */
		BD2851FF2866388D006FA662 /* AppDelegate.swift in Sources */ = {isa = PBXBuildFile; fileRef = BD2851FE2866388D006FA662 /* AppDelegate.swift */; };
		BD2852012866388D006FA662 /* SceneDelegate.swift in Sources */ = {isa = PBXBuildFile; fileRef = BD2852002866388D006FA662 /* SceneDelegate.swift */; };
		BD2852032866388D006FA662 /* ViewController.swift in Sources */ = {isa = PBXBuildFile; fileRef = BD2852022866388D006FA662 /* ViewController.swift */; };
		BD2852062866388D006FA662 /* Main.storyboard in Resources */ = {isa = PBXBuildFile; fileRef = BD2852042866388D006FA662 /* Main.storyboard */; };
		BD2852092866388D006FA662 /* coreData.xcdatamodeld in Sources */ = {isa = PBXBuildFile; fileRef = BD2852072866388D006FA662 /* coreData.xcdatamodeld */; };
		BD28520B2866388F006FA662 /* Assets.xcassets in Resources */ = {isa = PBXBuildFile; fileRef = BD28520A2866388F006FA662 /* Assets.xcassets */; };
		BD28520E2866388F006FA662 /* LaunchScreen.storyboard in Resources */ = {isa = PBXBuildFile; fileRef = BD28520C2866388F006FA662 /* LaunchScreen.storyboard */; };
		BD2852192866388F006FA662 /* coreDataTests.swift in Sources */ = {isa = PBXBuildFile; fileRef = BD2852182866388F006FA662 /* coreDataTests.swift */; };
		BD2852232866388F006FA662 /* coreDataUITests.swift in Sources */ = {isa = PBXBuildFile; fileRef = BD2852222866388F006FA662 /* coreDataUITests.swift */; };
		BD2852252866388F006FA662 /* coreDataUITestsLaunchTests.swift in Sources */ = {isa = PBXBuildFile; fileRef = BD2852242866388F006FA662 /* coreDataUITestsLaunchTests.swift */; };
/* End PBXBuildFile section */

/* Begin PBXContainerItemProxy section */
		BD2852152866388F006FA662 /* PBXContainerItemProxy */ = {
			isa = PBXContainerItemProxy;
			containerPortal = BD2851F32866388D006FA662 /* Project object */;
			proxyType = 1;
			remoteGlobalIDString = BD2851FA2866388D006FA662;
			remoteInfo = coreData;
		};
		BD28521F2866388F006FA662 /* PBXContainerItemProxy */ = {
			isa = PBXContainerItemProxy;
			containerPortal = BD2851F32866388D006FA662 /* Project object */;
			proxyType = 1;
			remoteGlobalIDString = BD2851FA2866388D006FA662;
			remoteInfo = coreData;
		};
/* End PBXContainerItemProxy section */

/* Begin PBXFileReference section */
		BD2851FB2866388D006FA662 /* coreData.app */ = {isa = PBXFileReference; explicitFileType = wrapper.application; includeInIndex = 0; path = coreData.app; sourceTree = BUILT_PRODUCTS_DIR; };
		BD2851FE2866388D006FA662 /* AppDelegate.swift */ = {isa = PBXFileReference; lastKnownFileType = sourcecode.swift; path = AppDelegate.swift; sourceTree = "<group>"; };
		BD2852002866388D006FA662 /* SceneDelegate.swift */ = {isa = PBXFileReference; lastKnownFileType = sourcecode.swift; path = SceneDelegate.swift; sourceTree = "<group>"; };
		BD2852022866388D006FA662 /* ViewController.swift */ = {isa = PBXFileReference; lastKnownFileType = sourcecode.swift; path = ViewController.swift; sourceTree = "<group>"; };
		BD2852052866388D006FA662 /* Base */ = {isa = PBXFileReference; lastKnownFileType = file.storyboard; name = Base; path = Base.lproj/Main.storyboard; sourceTree = "<group>"; };
		BD2852082866388D006FA662 /* coreData.xcdatamodel */ = {isa = PBXFileReference; lastKnownFileType = wrapper.xcdatamodel; path = coreData.xcdatamodel; sourceTree = "<group>"; };
		BD28520A2866388F006FA662 /* Assets.xcassets */ = {isa = PBXFileReference; lastKnownFileType = folder.assetcatalog; path = Assets.xcassets; sourceTree = "<group>"; };
		BD28520D2866388F006FA662 /* Base */ = {isa = PBXFileReference; lastKnownFileType = file.storyboard; name = Base; path = Base.lproj/LaunchScreen.storyboard; sourceTree = "<group>"; };
		BD28520F2866388F006FA662 /* Info.plist */ = {isa = PBXFileReference; lastKnownFileType = text.plist.xml; path = Info.plist; sourceTree = "<group>"; };
		BD2852142866388F006FA662 /* coreDataTests.xctest */ = {isa = PBXFileReference; explicitFileType = wrapper.cfbundle; includeInIndex = 0; path = coreDataTests.xctest; sourceTree = BUILT_PRODUCTS_DIR; };
		BD2852182866388F006FA662 /* coreDataTests.swift */ = {isa = PBXFileReference; lastKnownFileType = sourcecode.swift; path = coreDataTests.swift; sourceTree = "<group>"; };
		BD28521E2866388F006FA662 /* coreDataUITests.xctest */ = {isa = PBXFileReference; explicitFileType = wrapper.cfbundle; includeInIndex = 0; path = coreDataUITests.xctest; sourceTree = BUILT_PRODUCTS_DIR; };
		BD2852222866388F006FA662 /* coreDataUITests.swift */ = {isa = PBXFileReference; lastKnownFileType = sourcecode.swift; path = coreDataUITests.swift; sourceTree = "<group>"; };
		BD2852242866388F006FA662 /* coreDataUITestsLaunchTests.swift */ = {isa = PBXFileReference; lastKnownFileType = sourcecode.swift; path = coreDataUITestsLaunchTests.swift; sourceTree = "<group>"; };
/* End PBXFileReference section */

/* Begin PBXFrameworksBuildPhase section */
		BD2851F82866388D006FA662 /* Frameworks */ = {
			isa = PBXFrameworksBuildPhase;
			buildActionMask = 2147483647;
			files = (
			);
			runOnlyForDeploymentPostprocessing = 0;
		};
		BD2852112866388F006FA662 /* Frameworks */ = {
			isa = PBXFrameworksBuildPhase;
			buildActionMask = 2147483647;
			files = (
			);
			runOnlyForDeploymentPostprocessing = 0;
		};
		BD28521B2866388F006FA662 /* Frameworks */ = {
			isa = PBXFrameworksBuildPhase;
			buildActionMask = 2147483647;
			files = (
			);
			runOnlyForDeploymentPostprocessing = 0;
		};
/* End PBXFrameworksBuildPhase section */

/* Begin PBXGroup section */
		BD2851F22866388D006FA662 = {
			isa = PBXGroup;
			children = (
				BD2851FD2866388D006FA662 /* coreData */,
				BD2852172866388F006FA662 /* coreDataTests */,
				BD2852212866388F006FA662 /* coreDataUITests */,
				BD2851FC2866388D006FA662 /* Products */,
			);
			sourceTree = "<group>";
		};
		BD2851FC2866388D006FA662 /* Products */ = {
			isa = PBXGroup;
			children = (
				BD2851FB2866388D006FA662 /* coreData.app */,
				BD2852142866388F006FA662 /* coreDataTests.xctest */,
				BD28521E2866388F006FA662 /* coreDataUITests.xctest */,
			);
			name = Products;
			sourceTree = "<group>";
		};
		BD2851FD2866388D006FA662 /* coreData */ = {
			isa = PBXGroup;
			children = (
				BD2851FE2866388D006FA662 /* AppDelegate.swift */,
				BD2852002866388D006FA662 /* SceneDelegate.swift */,
				BD2852022866388D006FA662 /* ViewController.swift */,
				BD2852042866388D006FA662 /* Main.storyboard */,
				BD28520A2866388F006FA662 /* Assets.xcassets */,
				BD28520C2866388F006FA662 /* LaunchScreen.storyboard */,
				BD28520F2866388F006FA662 /* Info.plist */,
				BD2852072866388D006FA662 /* coreData.xcdatamodeld */,
			);
			path = coreData;
			sourceTree = "<group>";
		};
		BD2852172866388F006FA662 /* coreDataTests */ = {
			isa = PBXGroup;
			children = (
				BD2852182866388F006FA662 /* coreDataTests.swift */,
			);
			path = coreDataTests;
			sourceTree = "<group>";
		};
		BD2852212866388F006FA662 /* coreDataUITests */ = {
			isa = PBXGroup;
			children = (
				BD2852222866388F006FA662 /* coreDataUITests.swift */,
				BD2852242866388F006FA662 /* coreDataUITestsLaunchTests.swift */,
			);
			path = coreDataUITests;
			sourceTree = "<group>";
		};
/* End PBXGroup section */

/* Begin PBXNativeTarget section */
		BD2851FA2866388D006FA662 /* coreData */ = {
			isa = PBXNativeTarget;
			buildConfigurationList = BD2852282866388F006FA662 /* Build configuration list for PBXNativeTarget "coreData" */;
			buildPhases = (
				BD2851F72866388D006FA662 /* Sources */,
				BD2851F82866388D006FA662 /* Frameworks */,
				BD2851F92866388D006FA662 /* Resources */,
			);
			buildRules = (
			);
			dependencies = (
			);
			name = coreData;
			productName = coreData;
			productReference = BD2851FB2866388D006FA662 /* coreData.app */;
			productType = "com.apple.product-type.application";
		};
		BD2852132866388F006FA662 /* coreDataTests */ = {
			isa = PBXNativeTarget;
			buildConfigurationList = BD28522B2866388F006FA662 /* Build configuration list for PBXNativeTarget "coreDataTests" */;
			buildPhases = (
				BD2852102866388F006FA662 /* Sources */,
				BD2852112866388F006FA662 /* Frameworks */,
				BD2852122866388F006FA662 /* Resources */,
			);
			buildRules = (
			);
			dependencies = (
				BD2852162866388F006FA662 /* PBXTargetDependency */,
			);
			name = coreDataTests;
			productName = coreDataTests;
			productReference = BD2852142866388F006FA662 /* coreDataTests.xctest */;
			productType = "com.apple.product-type.bundle.unit-test";
		};
		BD28521D2866388F006FA662 /* coreDataUITests */ = {
			isa = PBXNativeTarget;
			buildConfigurationList = BD28522E2866388F006FA662 /* Build configuration list for PBXNativeTarget "coreDataUITests" */;
			buildPhases = (
				BD28521A2866388F006FA662 /* Sources */,
				BD28521B2866388F006FA662 /* Frameworks */,
				BD28521C2866388F006FA662 /* Resources */,
			);
			buildRules = (
			);
			dependencies = (
				BD2852202866388F006FA662 /* PBXTargetDependency */,
			);
			name = coreDataUITests;
			productName = coreDataUITests;
			productReference = BD28521E2866388F006FA662 /* coreDataUITests.xctest */;
			productType = "com.apple.product-type.bundle.ui-testing";
		};
/* End PBXNativeTarget section */

/* Begin PBXProject section */
		BD2851F32866388D006FA662 /* Project object */ = {
			isa = PBXProject;
			attributes = {
				BuildIndependentTargetsInParallel = 1;
				LastSwiftUpdateCheck = 1340;
				LastUpgradeCheck = 1340;
				TargetAttributes = {
					BD2851FA2866388D006FA662 = {
						CreatedOnToolsVersion = 13.4.1;
					};
					BD2852132866388F006FA662 = {
						CreatedOnToolsVersion = 13.4.1;
						TestTargetID = BD2851FA2866388D006FA662;
					};
					BD28521D2866388F006FA662 = {
						CreatedOnToolsVersion = 13.4.1;
						TestTargetID = BD2851FA2866388D006FA662;
					};
				};
			};
			buildConfigurationList = BD2851F62866388D006FA662 /* Build configuration list for PBXProject "coreData" */;
			compatibilityVersion = "Xcode 13.0";
			developmentRegion = en;
			hasScannedForEncodings = 0;
			knownRegions = (
				en,
				Base,
			);
			mainGroup = BD2851F22866388D006FA662;
			productRefGroup = BD2851FC2866388D006FA662 /* Products */;
			projectDirPath = "";
			projectRoot = "";
			targets = (
				BD2851FA2866388D006FA662 /* coreData */,
				BD2852132866388F006FA662 /* coreDataTests */,
				BD28521D2866388F006FA662 /* coreDataUITests */,
			);
		};
/* End PBXProject section */

/* Begin PBXResourcesBuildPhase section */
		BD2851F92866388D006FA662 /* Resources */ = {
			isa = PBXResourcesBuildPhase;
			buildActionMask = 2147483647;
			files = (
				BD28520E2866388F006FA662 /* LaunchScreen.storyboard in Resources */,
				BD28520B2866388F006FA662 /* Assets.xcassets in Resources */,
				BD2852062866388D006FA662 /* Main.storyboard in Resources */,
			);
			runOnlyForDeploymentPostprocessing = 0;
		};
		BD2852122866388F006FA662 /* Resources */ = {
			isa = PBXResourcesBuildPhase;
			buildActionMask = 2147483647;
			files = (
			);
			runOnlyForDeploymentPostprocessing = 0;
		};
		BD28521C2866388F006FA662 /* Resources */ = {
			isa = PBXResourcesBuildPhase;
			buildActionMask = 2147483647;
			files = (
			);
			runOnlyForDeploymentPostprocessing = 0;
		};
/* End PBXResourcesBuildPhase section */

/* Begin PBXSourcesBuildPhase section */
		BD2851F72866388D006FA662 /* Sources */ = {
			isa = PBXSourcesBuildPhase;
			buildActionMask = 2147483647;
			files = (
				BD2852092866388D006FA662 /* coreData.xcdatamodeld in Sources */,
				BD2852032866388D006FA662 /* ViewController.swift in Sources */,
				BD2851FF2866388D006FA662 /* AppDelegate.swift in Sources */,
				BD2852012866388D006FA662 /* SceneDelegate.swift in Sources */,
			);
			runOnlyForDeploymentPostprocessing = 0;
		};
		BD2852102866388F006FA662 /* Sources */ = {
			isa = PBXSourcesBuildPhase;
			buildActionMask = 2147483647;
			files = (
				BD2852192866388F006FA662 /* coreDataTests.swift in Sources */,
			);
			runOnlyForDeploymentPostprocessing = 0;
		};
		BD28521A2866388F006FA662 /* Sources */ = {
			isa = PBXSourcesBuildPhase;
			buildActionMask = 2147483647;
			files = (
				BD2852252866388F006FA662 /* coreDataUITestsLaunchTests.swift in Sources */,
				BD2852232866388F006FA662 /* coreDataUITests.swift in Sources */,
			);
			runOnlyForDeploymentPostprocessing = 0;
		};
/* End PBXSourcesBuildPhase section */

/* Begin PBXTargetDependency section */
		BD2852162866388F006FA662 /* PBXTargetDependency */ = {
			isa = PBXTargetDependency;
			target = BD2851FA2866388D006FA662 /* coreData */;
			targetProxy = BD2852152866388F006FA662 /* PBXContainerItemProxy */;
		};
		BD2852202866388F006FA662 /* PBXTargetDependency */ = {
			isa = PBXTargetDependency;
			target = BD2851FA2866388D006FA662 /* coreData */;
			targetProxy = BD28521F2866388F006FA662 /* PBXContainerItemProxy */;
		};
/* End PBXTargetDependency section */

/* Begin PBXVariantGroup section */
		BD2852042866388D006FA662 /* Main.storyboard */ = {
			isa = PBXVariantGroup;
			children = (
				BD2852052866388D006FA662 /* Base */,
			);
			name = Main.storyboard;
			sourceTree = "<group>";
		};
		BD28520C2866388F006FA662 /* LaunchScreen.storyboard */ = {
			isa = PBXVariantGroup;
			children = (
				BD28520D2866388F006FA662 /* Base */,
			);
			name = LaunchScreen.storyboard;
			sourceTree = "<group>";
		};
/* End PBXVariantGroup section */

/* Begin XCBuildConfiguration section */
		BD2852262866388F006FA662 /* Debug */ = {
			isa = XCBuildConfiguration;
			buildSettings = {
				ALWAYS_SEARCH_USER_PATHS = NO;
				CLANG_ANALYZER_NONNULL = YES;
				CLANG_ANALYZER_NUMBER_OBJECT_CONVERSION = YES_AGGRESSIVE;
				CLANG_CXX_LANGUAGE_STANDARD = "gnu++17";
				CLANG_ENABLE_MODULES = YES;
				CLANG_ENABLE_OBJC_ARC = YES;
				CLANG_ENABLE_OBJC_WEAK = YES;
				CLANG_WARN_BLOCK_CAPTURE_AUTORELEASING = YES;
				CLANG_WARN_BOOL_CONVERSION = YES;
				CLANG_WARN_COMMA = YES;
				CLANG_WARN_CONSTANT_CONVERSION = YES;
				CLANG_WARN_DEPRECATED_OBJC_IMPLEMENTATIONS = YES;
				CLANG_WARN_DIRECT_OBJC_ISA_USAGE = YES_ERROR;
				CLANG_WARN_DOCUMENTATION_COMMENTS = YES;
				CLANG_WARN_EMPTY_BODY = YES;
				CLANG_WARN_ENUM_CONVERSION = YES;
				CLANG_WARN_INFINITE_RECURSION = YES;
				CLANG_WARN_INT_CONVERSION = YES;
				CLANG_WARN_NON_LITERAL_NULL_CONVERSION = YES;
				CLANG_WARN_OBJC_IMPLICIT_RETAIN_SELF = YES;
				CLANG_WARN_OBJC_LITERAL_CONVERSION = YES;
				CLANG_WARN_OBJC_ROOT_CLASS = YES_ERROR;
				CLANG_WARN_QUOTED_INCLUDE_IN_FRAMEWORK_HEADER = YES;
				CLANG_WARN_RANGE_LOOP_ANALYSIS = YES;
				CLANG_WARN_STRICT_PROTOTYPES = YES;
				CLANG_WARN_SUSPICIOUS_MOVE = YES;
				CLANG_WARN_UNGUARDED_AVAILABILITY = YES_AGGRESSIVE;
				CLANG_WARN_UNREACHABLE_CODE = YES;
				CLANG_WARN__DUPLICATE_METHOD_MATCH = YES;
				COPY_PHASE_STRIP = NO;
				DEBUG_INFORMATION_FORMAT = dwarf;
				ENABLE_STRICT_OBJC_MSGSEND = YES;
				ENABLE_TESTABILITY = YES;
				GCC_C_LANGUAGE_STANDARD = gnu11;
				GCC_DYNAMIC_NO_PIC = NO;
				GCC_NO_COMMON_BLOCKS = YES;
				GCC_OPTIMIZATION_LEVEL = 0;
				GCC_PREPROCESSOR_DEFINITIONS = (
					"DEBUG=1",
					"$(inherited)",
				);
				GCC_WARN_64_TO_32_BIT_CONVERSION = YES;
				GCC_WARN_ABOUT_RETURN_TYPE = YES_ERROR;
				GCC_WARN_UNDECLARED_SELECTOR = YES;
				GCC_WARN_UNINITIALIZED_AUTOS = YES_AGGRESSIVE;
				GCC_WARN_UNUSED_FUNCTION = YES;
				GCC_WARN_UNUSED_VARIABLE = YES;
				IPHONEOS_DEPLOYMENT_TARGET = 15.5;
				MTL_ENABLE_DEBUG_INFO = INCLUDE_SOURCE;
				MTL_FAST_MATH = YES;
				ONLY_ACTIVE_ARCH = YES;
				SDKROOT = iphoneos;
				SWIFT_ACTIVE_COMPILATION_CONDITIONS = DEBUG;
				SWIFT_OPTIMIZATION_LEVEL = "-Onone";
			};
			name = Debug;
		};
		BD2852272866388F006FA662 /* Release */ = {
			isa = XCBuildConfiguration;
			buildSettings = {
				ALWAYS_SEARCH_USER_PATHS = NO;
				CLANG_ANALYZER_NONNULL = YES;
				CLANG_ANALYZER_NUMBER_OBJECT_CONVERSION = YES_AGGRESSIVE;
				CLANG_CXX_LANGUAGE_STANDARD = "gnu++17";
				CLANG_ENABLE_MODULES = YES;
				CLANG_ENABLE_OBJC_ARC = YES;
				CLANG_ENABLE_OBJC_WEAK = YES;
				CLANG_WARN_BLOCK_CAPTURE_AUTORELEASING = YES;
				CLANG_WARN_BOOL_CONVERSION = YES;
				CLANG_WARN_COMMA = YES;
				CLANG_WARN_CONSTANT_CONVERSION = YES;
				CLANG_WARN_DEPRECATED_OBJC_IMPLEMENTATIONS = YES;
				CLANG_WARN_DIRECT_OBJC_ISA_USAGE = YES_ERROR;
				CLANG_WARN_DOCUMENTATION_COMMENTS = YES;
				CLANG_WARN_EMPTY_BODY = YES;
				CLANG_WARN_ENUM_CONVERSION = YES;
				CLANG_WARN_INFINITE_RECURSION = YES;
				CLANG_WARN_INT_CONVERSION = YES;
				CLANG_WARN_NON_LITERAL_NULL_CONVERSION = YES;
				CLANG_WARN_OBJC_IMPLICIT_RETAIN_SELF = YES;
				CLANG_WARN_OBJC_LITERAL_CONVERSION = YES;
				CLANG_WARN_OBJC_ROOT_CLASS = YES_ERROR;
				CLANG_WARN_QUOTED_INCLUDE_IN_FRAMEWORK_HEADER = YES;
				CLANG_WARN_RANGE_LOOP_ANALYSIS = YES;
				CLANG_WARN_STRICT_PROTOTYPES = YES;
				CLANG_WARN_SUSPICIOUS_MOVE = YES;
				CLANG_WARN_UNGUARDED_AVAILABILITY = YES_AGGRESSIVE;
				CLANG_WARN_UNREACHABLE_CODE = YES;
				CLANG_WARN__DUPLICATE_METHOD_MATCH = YES;
				COPY_PHASE_STRIP = NO;
				DEBUG_INFORMATION_FORMAT = "dwarf-with-dsym";
				ENABLE_NS_ASSERTIONS = NO;
				ENABLE_STRICT_OBJC_MSGSEND = YES;
				GCC_C_LANGUAGE_STANDARD = gnu11;
				GCC_NO_COMMON_BLOCKS = YES;
				GCC_WARN_64_TO_32_BIT_CONVERSION = YES;
				GCC_WARN_ABOUT_RETURN_TYPE = YES_ERROR;
				GCC_WARN_UNDECLARED_SELECTOR = YES;
				GCC_WARN_UNINITIALIZED_AUTOS = YES_AGGRESSIVE;
				GCC_WARN_UNUSED_FUNCTION = YES;
				GCC_WARN_UNUSED_VARIABLE = YES;
				IPHONEOS_DEPLOYMENT_TARGET = 15.5;
				MTL_ENABLE_DEBUG_INFO = NO;
				MTL_FAST_MATH = YES;
				SDKROOT = iphoneos;
				SWIFT_COMPILATION_MODE = wholemodule;
				SWIFT_OPTIMIZATION_LEVEL = "-O";
				VALIDATE_PRODUCT = YES;
			};
			name = Release;
		};
		BD2852292866388F006FA662 /* Debug */ = {
			isa = XCBuildConfiguration;
			buildSettings = {
				ASSETCATALOG_COMPILER_APPICON_NAME = AppIcon;
				ASSETCATALOG_COMPILER_GLOBAL_ACCENT_COLOR_NAME = AccentColor;
				CODE_SIGN_STYLE = Automatic;
				CURRENT_PROJECT_VERSION = 1;
				GENERATE_INFOPLIST_FILE = YES;
				INFOPLIST_FILE = coreData/Info.plist;
				INFOPLIST_KEY_UIApplicationSupportsIndirectInputEvents = YES;
				INFOPLIST_KEY_UILaunchStoryboardName = LaunchScreen;
				INFOPLIST_KEY_UIMainStoryboardFile = Main;
				INFOPLIST_KEY_UISupportedInterfaceOrientations_iPad = "UIInterfaceOrientationPortrait UIInterfaceOrientationPortraitUpsideDown UIInterfaceOrientationLandscapeLeft UIInterfaceOrientationLandscapeRight";
				INFOPLIST_KEY_UISupportedInterfaceOrientations_iPhone = "UIInterfaceOrientationPortrait UIInterfaceOrientationLandscapeLeft UIInterfaceOrientationLandscapeRight";
				LD_RUNPATH_SEARCH_PATHS = (
					"$(inherited)",
					"@executable_path/Frameworks",
				);
				MARKETING_VERSION = 1.0;
				PRODUCT_BUNDLE_IDENTIFIER = kwk.coreData;
				PRODUCT_NAME = "$(TARGET_NAME)";
				SWIFT_EMIT_LOC_STRINGS = YES;
				SWIFT_VERSION = 5.0;
				TARGETED_DEVICE_FAMILY = "1,2";
			};
			name = Debug;
		};
		BD28522A2866388F006FA662 /* Release */ = {
			isa = XCBuildConfiguration;
			buildSettings = {
				ASSETCATALOG_COMPILER_APPICON_NAME = AppIcon;
				ASSETCATALOG_COMPILER_GLOBAL_ACCENT_COLOR_NAME = AccentColor;
				CODE_SIGN_STYLE = Automatic;
				CURRENT_PROJECT_VERSION = 1;
				GENERATE_INFOPLIST_FILE = YES;
				INFOPLIST_FILE = coreData/Info.plist;
				INFOPLIST_KEY_UIApplicationSupportsIndirectInputEvents = YES;
				INFOPLIST_KEY_UILaunchStoryboardName = LaunchScreen;
				INFOPLIST_KEY_UIMainStoryboardFile = Main;
				INFOPLIST_KEY_UISupportedInterfaceOrientations_iPad = "UIInterfaceOrientationPortrait UIInterfaceOrientationPortraitUpsideDown UIInterfaceOrientationLandscapeLeft UIInterfaceOrientationLandscapeRight";
				INFOPLIST_KEY_UISupportedInterfaceOrientations_iPhone = "UIInterfaceOrientationPortrait UIInterfaceOrientationLandscapeLeft UIInterfaceOrientationLandscapeRight";
				LD_RUNPATH_SEARCH_PATHS = (
					"$(inherited)",
					"@executable_path/Frameworks",
				);
				MARKETING_VERSION = 1.0;
				PRODUCT_BUNDLE_IDENTIFIER = kwk.coreData;
				PRODUCT_NAME = "$(TARGET_NAME)";
				SWIFT_EMIT_LOC_STRINGS = YES;
				SWIFT_VERSION = 5.0;
				TARGETED_DEVICE_FAMILY = "1,2";
			};
			name = Release;
		};
		BD28522C2866388F006FA662 /* Debug */ = {
			isa = XCBuildConfiguration;
			buildSettings = {
				ALWAYS_EMBED_SWIFT_STANDARD_LIBRARIES = YES;
				BUNDLE_LOADER = "$(TEST_HOST)";
				CODE_SIGN_STYLE = Automatic;
				CURRENT_PROJECT_VERSION = 1;
				GENERATE_INFOPLIST_FILE = YES;
				IPHONEOS_DEPLOYMENT_TARGET = 15.5;
				MARKETING_VERSION = 1.0;
				PRODUCT_BUNDLE_IDENTIFIER = kwk.coreDataTests;
				PRODUCT_NAME = "$(TARGET_NAME)";
				SWIFT_EMIT_LOC_STRINGS = NO;
				SWIFT_VERSION = 5.0;
				TARGETED_DEVICE_FAMILY = "1,2";
				TEST_HOST = "$(BUILT_PRODUCTS_DIR)/coreData.app/coreData";
			};
			name = Debug;
		};
		BD28522D2866388F006FA662 /* Release */ = {
			isa = XCBuildConfiguration;
			buildSettings = {
				ALWAYS_EMBED_SWIFT_STANDARD_LIBRARIES = YES;
				BUNDLE_LOADER = "$(TEST_HOST)";
				CODE_SIGN_STYLE = Automatic;
				CURRENT_PROJECT_VERSION = 1;
				GENERATE_INFOPLIST_FILE = YES;
				IPHONEOS_DEPLOYMENT_TARGET = 15.5;
				MARKETING_VERSION = 1.0;
				PRODUCT_BUNDLE_IDENTIFIER = kwk.coreDataTests;
				PRODUCT_NAME = "$(TARGET_NAME)";
				SWIFT_EMIT_LOC_STRINGS = NO;
				SWIFT_VERSION = 5.0;
				TARGETED_DEVICE_FAMILY = "1,2";
				TEST_HOST = "$(BUILT_PRODUCTS_DIR)/coreData.app/coreData";
			};
			name = Release;
		};
		BD28522F2866388F006FA662 /* Debug */ = {
			isa = XCBuildConfiguration;
			buildSettings = {
				ALWAYS_EMBED_SWIFT_STANDARD_LIBRARIES = YES;
				CODE_SIGN_STYLE = Automatic;
				CURRENT_PROJECT_VERSION = 1;
				GENERATE_INFOPLIST_FILE = YES;
				MARKETING_VERSION = 1.0;
				PRODUCT_BUNDLE_IDENTIFIER = kwk.coreDataUITests;
				PRODUCT_NAME = "$(TARGET_NAME)";
				SWIFT_EMIT_LOC_STRINGS = NO;
				SWIFT_VERSION = 5.0;
				TARGETED_DEVICE_FAMILY = "1,2";
				TEST_TARGET_NAME = coreData;
			};
			name = Debug;
		};
		BD2852302866388F006FA662 /* Release */ = {
			isa = XCBuildConfiguration;
			buildSettings = {
				ALWAYS_EMBED_SWIFT_STANDARD_LIBRARIES = YES;
				CODE_SIGN_STYLE = Automatic;
				CURRENT_PROJECT_VERSION = 1;
				GENERATE_INFOPLIST_FILE = YES;
				MARKETING_VERSION = 1.0;
				PRODUCT_BUNDLE_IDENTIFIER = kwk.coreDataUITests;
				PRODUCT_NAME = "$(TARGET_NAME)";
				SWIFT_EMIT_LOC_STRINGS = NO;
				SWIFT_VERSION = 5.0;
				TARGETED_DEVICE_FAMILY = "1,2";
				TEST_TARGET_NAME = coreData;
			};
			name = Release;
		};
/* End XCBuildConfiguration section */

/* Begin XCConfigurationList section */
		BD2851F62866388D006FA662 /* Build configuration list for PBXProject "coreData" */ = {
			isa = XCConfigurationList;
			buildConfigurations = (
				BD2852262866388F006FA662 /* Debug */,
				BD2852272866388F006FA662 /* Release */,
			);
			defaultConfigurationIsVisible = 0;
			defaultConfigurationName = Release;
		};
		BD2852282866388F006FA662 /* Build configuration list for PBXNativeTarget "coreData" */ = {
			isa = XCConfigurationList;
			buildConfigurations = (
				BD2852292866388F006FA662 /* Debug */,
				BD28522A2866388F006FA662 /* Release */,
			);
			defaultConfigurationIsVisible = 0;
			defaultConfigurationName = Release;
		};
		BD28522B2866388F006FA662 /* Build configuration list for PBXNativeTarget "coreDataTests" */ = {
			isa = XCConfigurationList;
			buildConfigurations = (
				BD28522C2866388F006FA662 /* Debug */,
				BD28522D2866388F006FA662 /* Release */,
			);
			defaultConfigurationIsVisible = 0;
			defaultConfigurationName = Release;
		};
		BD28522E2866388F006FA662 /* Build configuration list for PBXNativeTarget "coreDataUITests" */ = {
			isa = XCConfigurationList;
			buildConfigurations = (
				BD28522F2866388F006FA662 /* Debug */,
				BD2852302866388F006FA662 /* Release */,
			);
			defaultConfigurationIsVisible = 0;
			defaultConfigurationName = Release;
		};
/* End XCConfigurationList section */

/* Begin XCVersionGroup section */
		BD2852072866388D006FA662 /* coreData.xcdatamodeld */ = {
			isa = XCVersionGroup;
			children = (
				BD2852082866388D006FA662 /* coreData.xcdatamodel */,
			);
			currentVersion = BD2852082866388D006FA662 /* coreData.xcdatamodel */;
			path = coreData.xcdatamodeld;
			sourceTree = "<group>";
			versionGroupType = wrapper.xcdatamodel;
		};
/* End XCVersionGroup section */
	};
	rootObject = BD2851F32866388D006FA662 /* Project object */;
}
